
Microsoft Visual Studio Solution File, Format Version 12.00
# Visual Studio Version 17
VisualStudioVersion = 17.3.32929.385
MinimumVisualStudioVersion = 10.0.40219.1
Project("{FAE04EC0-301F-11D3-BF4B-00C04F79EFBC}") = "eTickets", "eTickets\eTickets.csproj", "{776D1617-8959-480E-BE42-FFE0C152EFDF}"
EndProject
Global
	GlobalSection(SolutionConfigurationPlatforms) = preSolution
		Debug|Any CPU = Debug|Any CPU
		Release|Any CPU = Release|Any CPU
	EndGlobalSection
	GlobalSection(ProjectConfigurationPlatforms) = postSolution
		{776D1617-8959-480E-BE42-FFE0C152EFDF}.Debug|Any CPU.ActiveCfg = Debug|Any CPU
		{776D1617-8959-480E-BE42-FFE0C152EFDF}.Debug|Any CPU.Build.0 = Debug|Any CPU
		{776D1617-8959-480E-BE42-FFE0C152EFDF}.Release|Any CPU.ActiveCfg = Release|Any CPU
		{776D1617-8959-480E-BE42-FFE0C152EFDF}.Release|Any CPU.Build.0 = Release|Any CPU
	EndGlobalSection
	GlobalSection(SolutionProperties) = preSolution
		HideSolutionNode = FALSE
	EndGlobalSection
	GlobalSection(ExtensibilityGlobals) = postSolution
		SolutionGuid = {A2E7A872-A681-4C71-A627-1F42319D1104}
	EndGlobalSection
EndGlobal
